{
  "name": "RetroMSPaint",
  "lockfileVersion": 3,
  "requires": true,
  "packages": {
    "": {
      "dependencies": {
        "htmx": "^0.0.2",
        "p5": "^1.9.4"
      }
    },
    "node_modules/htmx": {
      "version": "0.0.2",
      "resolved": "https://registry.npmjs.org/htmx/-/htmx-0.0.2.tgz",
      "integrity": "sha512-FfUo3ynRYr6Ra4vqmS4Nq9g47607FSmvHYCOuU8bvbW8s4kPMhAmCbMBjuW2cEZI6DauaFNZKinfgV91cc9Feg==",
      "bin": {
        "htmx": "htmx.js"
      }
    },
    "node_modules/p5": {
      "version": "1.9.4",
      "resolved": "https://registry.npmjs.org/p5/-/p5-1.9.4.tgz",
      "integrity": "sha512-dhiZ9mvXx5pm8eRwml34xbeUwce4uS9Q2za0YOHg2p97N9iNAb5hTIHAt77CHKHXAh6A16u/oalz5egRfTyFWw=="
    }
  }
}
